<?xml version="1.0" encoding="utf-8"?>
<Project ToolsVersion="4.0" xmlns="http://schemas.microsoft.com/developer/msbuild/2003">
  <ItemGroup>
    <ClCompile Include="source\Chunk.cpp">
      <Filter>源文件</Filter>
    </ClCompile>
    <ClCompile Include="source\ChunkPtrArray.cpp">
      <Filter>源文件</Filter>
    </ClCompile>
    <ClCompile Include="source\Definitions.cpp">
      <Filter>源文件</Filter>
    </ClCompile>
    <ClCompile Include="source\Frustum.cpp">
      <Filter>源文件</Filter>
    </ClCompile>
    <ClCompile Include="source\HeightMap.cpp">
      <Filter>源文件</Filter>
    </ClCompile>
    <ClCompile Include="source\Hitbox.cpp">
      <Filter>源文件</Filter>
    </ClCompile>
    <ClCompile Include="source\Network.cpp">
      <Filter>源文件</Filter>
    </ClCompile>
    <ClCompile Include="source\NEWorld.cpp">
      <Filter>源文件</Filter>
    </ClCompile>
    <ClCompile Include="source\OnlinePlayer.cpp">
      <Filter>源文件</Filter>
    </ClCompile>
    <ClCompile Include="source\Particles.cpp">
      <Filter>源文件</Filter>
    </ClCompile>
    <ClCompile Include="source\Player.cpp">
      <Filter>源文件</Filter>
    </ClCompile>
    <ClCompile Include="source\Renderer.cpp">
      <Filter>源文件</Filter>
    </ClCompile>
    <ClCompile Include="source\TextRenderer.cpp">
      <Filter>源文件</Filter>
    </ClCompile>
    <ClCompile Include="source\Textures.cpp">
      <Filter>源文件</Filter>
    </ClCompile>
    <ClCompile Include="source\World.cpp">
      <Filter>源文件</Filter>
    </ClCompile>
    <ClCompile Include="source\WorldGen.cpp">
      <Filter>源文件</Filter>
    </ClCompile>
    <ClCompile Include="source\GUI.cpp">
      <Filter>源文件\GUI</Filter>
    </ClCompile>
    <ClCompile Include="source\Menus.cpp">
      <Filter>源文件\GUI</Filter>
    </ClCompile>
    <ClCompile Include="source\KeyselectionMenu.cpp">
      <Filter>源文件\GUI</Filter>
    </ClCompile>
  </ItemGroup>
  <ItemGroup>
    <ClInclude Include="source\Blocks.h">
      <Filter>源文件</Filter>
    </ClInclude>
    <ClInclude Include="source\Chunk.h">
      <Filter>源文件</Filter>
    </ClInclude>
    <ClInclude Include="source\ChunkPacket.h">
      <Filter>源文件</Filter>
    </ClInclude>
    <ClInclude Include="source\ChunkPtrArray.h">
      <Filter>源文件</Filter>
    </ClInclude>
    <ClInclude Include="source\Definitions.h">
      <Filter>源文件</Filter>
    </ClInclude>
    <ClInclude Include="source\Frustum.h">
      <Filter>源文件</Filter>
    </ClInclude>
    <ClInclude Include="source\HeightMap.h">
      <Filter>源文件</Filter>
    </ClInclude>
    <ClInclude Include="source\Hitbox.h">
      <Filter>源文件</Filter>
    </ClInclude>
    <ClInclude Include="source\Mob.h">
      <Filter>源文件</Filter>
    </ClInclude>
    <ClInclude Include="source\Network.h">
      <Filter>源文件</Filter>
    </ClInclude>
    <ClInclude Include="source\Object.h">
      <Filter>源文件</Filter>
    </ClInclude>
    <ClInclude Include="source\OnlinePlayer.h">
      <Filter>源文件</Filter>
    </ClInclude>
    <ClInclude Include="source\Particles.h">
      <Filter>源文件</Filter>
    </ClInclude>
    <ClInclude Include="source\Player.h">
      <Filter>源文件</Filter>
    </ClInclude>
    <ClInclude Include="source\PlayerPacket.h">
      <Filter>源文件</Filter>
    </ClInclude>
    <ClInclude Include="source\Renderer.h">
      <Filter>源文件</Filter>
    </ClInclude>
    <ClInclude Include="source\stdinclude.h">
      <Filter>源文件</Filter>
    </ClInclude>
    <ClInclude Include="source\TextRenderer.h">
      <Filter>源文件</Filter>
    </ClInclude>
    <ClInclude Include="source\Textures.h">
      <Filter>源文件</Filter>
    </ClInclude>
    <ClInclude Include="source\World.h">
      <Filter>源文件</Filter>
    </ClInclude>
    <ClInclude Include="source\WorldGen.h">
      <Filter>源文件</Filter>
    </ClInclude>
    <ClInclude Include="source\GUI.h">
      <Filter>源文件\GUI</Filter>
    </ClInclude>
    <ClInclude Include="source\Menus.h">
      <Filter>源文件\GUI</Filter>
    </ClInclude>
  </ItemGroup>
  <ItemGroup>
    <Filter Include="源文件">
      <UniqueIdentifier>{e2477302-af8b-4c73-b5e9-d8cec6e97816}</UniqueIdentifier>
    </Filter>
    <Filter Include="源文件\GUI">
      <UniqueIdentifier>{e0838cd3-ddec-441c-a1bb-156a62605f4d}</UniqueIdentifier>
    </Filter>
  </ItemGroup>
</Project>