
Microsoft Visual Studio Solution File, Format Version 12.00
# Visual Studio 14
VisualStudioVersion = 14.0.24720.0
MinimumVisualStudioVersion = 10.0.40219.1
Project("{8BC9CEB8-8B4A-11D0-8D11-00A0C91BC942}") = "NEWorld", "NEWorld.vcxproj", "{9401A960-F56F-4186-AD7D-2F9A6F541190}"
EndProject
Project("{8BC9CEB8-8B4A-11D0-8D11-00A0C91BC942}") = "NEWorldServer", "Server\NEWorldServer\NEWorldServer.vcxproj", "{ABBA7A56-1D26-4C66-AED9-67C8F7CC3AE7}"
EndProject
Global
	GlobalSection(SolutionConfigurationPlatforms) = preSolution
		Debug|Win32 = Debug|Win32
		Debug|x64 = Debug|x64
		Profile|Win32 = Profile|Win32
		Profile|x64 = Profile|x64
		Release|Win32 = Release|Win32
		Release|x64 = Release|x64
	EndGlobalSection
	GlobalSection(ProjectConfigurationPlatforms) = postSolution
		{9401A960-F56F-4186-AD7D-2F9A6F541190}.Debug|Win32.ActiveCfg = Debug|Win32
		{9401A960-F56F-4186-AD7D-2F9A6F541190}.Debug|Win32.Build.0 = Debug|Win32
		{9401A960-F56F-4186-AD7D-2F9A6F541190}.Debug|x64.ActiveCfg = Debug|x64
		{9401A960-F56F-4186-AD7D-2F9A6F541190}.Debug|x64.Build.0 = Debug|x64
		{9401A960-F56F-4186-AD7D-2F9A6F541190}.Profile|Win32.ActiveCfg = Profile|Win32
		{9401A960-F56F-4186-AD7D-2F9A6F541190}.Profile|Win32.Build.0 = Profile|Win32
		{9401A960-F56F-4186-AD7D-2F9A6F541190}.Profile|x64.ActiveCfg = Profile|x64
		{9401A960-F56F-4186-AD7D-2F9A6F541190}.Profile|x64.Build.0 = Profile|x64
		{9401A960-F56F-4186-AD7D-2F9A6F541190}.Release|Win32.ActiveCfg = Release|Win32
		{9401A960-F56F-4186-AD7D-2F9A6F541190}.Release|Win32.Build.0 = Release|Win32
		{9401A960-F56F-4186-AD7D-2F9A6F541190}.Release|x64.ActiveCfg = Release|x64
		{9401A960-F56F-4186-AD7D-2F9A6F541190}.Release|x64.Build.0 = Release|x64
		{ABBA7A56-1D26-4C66-AED9-67C8F7CC3AE7}.Debug|Win32.ActiveCfg = Debug|Win32
		{ABBA7A56-1D26-4C66-AED9-67C8F7CC3AE7}.Debug|Win32.Build.0 = Debug|Win32
		{ABBA7A56-1D26-4C66-AED9-67C8F7CC3AE7}.Debug|x64.ActiveCfg = Debug|x64
		{ABBA7A56-1D26-4C66-AED9-67C8F7CC3AE7}.Debug|x64.Build.0 = Debug|x64
		{ABBA7A56-1D26-4C66-AED9-67C8F7CC3AE7}.Profile|Win32.ActiveCfg = Profile|Win32
		{ABBA7A56-1D26-4C66-AED9-67C8F7CC3AE7}.Profile|Win32.Build.0 = Profile|Win32
		{ABBA7A56-1D26-4C66-AED9-67C8F7CC3AE7}.Profile|x64.ActiveCfg = Profile|x64
		{ABBA7A56-1D26-4C66-AED9-67C8F7CC3AE7}.Profile|x64.Build.0 = Profile|x64
		{ABBA7A56-1D26-4C66-AED9-67C8F7CC3AE7}.Release|Win32.ActiveCfg = Release|Win32
		{ABBA7A56-1D26-4C66-AED9-67C8F7CC3AE7}.Release|Win32.Build.0 = Release|Win32
		{ABBA7A56-1D26-4C66-AED9-67C8F7CC3AE7}.Release|x64.ActiveCfg = Release|x64
		{ABBA7A56-1D26-4C66-AED9-67C8F7CC3AE7}.Release|x64.Build.0 = Release|x64
	EndGlobalSection
	GlobalSection(SolutionProperties) = preSolution
		HideSolutionNode = FALSE
	EndGlobalSection
EndGlobal
