<?xml version="1.0" encoding="utf-8"?>
<Project ToolsVersion="4.0" xmlns="http://schemas.microsoft.com/developer/msbuild/2003">
  <ItemGroup>
    <Filter Include="Images.xcassets">
      <UniqueIdentifier>{b6962cb9-b315-41c4-8a15-fd2e7f552882}</UniqueIdentifier>
    </Filter>
    <Filter Include="NEWorld.iOS">
      <UniqueIdentifier>{c5c90f0b-b56f-46cf-ae48-8d936683982e}</UniqueIdentifier>
    </Filter>
    <Filter Include="NEWorld.iOS\Supporting Files">
      <UniqueIdentifier>{e150871c-38b7-4072-910c-60e4deeca08d}</UniqueIdentifier>
    </Filter>
    <Filter Include="Products">
      <UniqueIdentifier>{a019294f-18bb-4c46-88be-9aa5bb178d69}</UniqueIdentifier>
    </Filter>
  </ItemGroup>
  <ItemGroup>
    <ClInclude Include="NEWorld.iOS\AppDelegate.h">
      <Filter>NEWorld.iOS</Filter>
    </ClInclude>
    <ClInclude Include="NEWorld.iOS\GameViewController.h">
      <Filter>NEWorld.iOS</Filter>
    </ClInclude>
    <Content Include="NEWorld.iOS\Base.lproj\Main.storyboard">
      <Filter>NEWorld.iOS</Filter>
    </Content>
    <Content Include="NEWorld.iOS\Images.xcassets\AppIcon.appiconset\Contents.json">
      <Filter>Images.xcassets</Filter>
    </Content>
    <None Include="NEWorld.iOS\Info.plist">
      <Filter>NEWorld.iOS\Supporting Files</Filter>
    </None>
    <ObjCCompile Include="NEWorld.iOS\AppDelegate.mm">
      <Filter>NEWorld.iOS</Filter>
    </ObjCCompile>
    <ObjCCompile Include="NEWorld.iOS\GameViewController.mm">
      <Filter>NEWorld.iOS</Filter>
    </ObjCCompile>
    <ObjCCompile Include="NEWorld.iOS\main.mm">
      <Filter>NEWorld.iOS\Supporting Files</Filter>
    </ObjCCompile>
  </ItemGroup>
</Project>