
Microsoft Visual Studio Solution File, Format Version 12.00
# Visual Studio 14
VisualStudioVersion = 14.0.24720.0
MinimumVisualStudioVersion = 10.0.40219.1
Project("{2150E333-8FDC-42A3-9474-1A3956D46DE8}") = "NEWorld.Android.Application", "NEWorld.Android.Application", "{6DB323B3-4917-4D75-B477-9AA719DC9637}"
EndProject
Project("{39E2626F-3545-4960-A6E8-258AD8476CE5}") = "NEWorld.Android.Application", "NEWorld\NEWorld.Android.Application\NEWorld.Android.Application.androidproj", "{6E2C6CA0-28D0-479B-8312-102A685BD0BA}"
EndProject
Project("{8BC9CEB8-8B4A-11D0-8D11-00A0C91BC942}") = "NEWorld.Android.NativeActivity", "NEWorld\NEWorld.Android.NativeActivity\NEWorld.Android.NativeActivity.vcxproj", "{3952F7D6-4560-4A0B-BDEE-9CB3710F64C6}"
EndProject
Project("{740547C8-F205-44CF-8284-0B59C7DD69BD}") = "NEWorld.iOS.Application", "NEWorld\NEWorld.iOS.Application\NEWorld.iOS.Application.xcodeproj\project.pbxproj", "{7DD5A34A-2CCE-4B9F-B0B9-994E62EC709F}"
EndProject
Project("{8BC9CEB8-8B4A-11D0-8D11-00A0C91BC942}") = "NEWorld.WindowsUniversal.Application", "NEWorld\NEWorld.WindowsUniversal.Application\NEWorld.WindowsUniversal.Application.vcxproj", "{24D410BD-03FB-4648-8871-336C2157331A}"
EndProject
Project("{2150E333-8FDC-42A3-9474-1A3956D46DE8}") = "Library", "Library", "{FA71C617-02A6-4185-9AC6-0DD8764C1198}"
EndProject
Project("{8BC9CEB8-8B4A-11D0-8D11-00A0C91BC942}") = "NEWorld.Shared", "NEWorld\NEWorld.Shared\NEWorld.Shared.vcxitems", "{F5D65655-8CB9-48AF-B68C-617AFE619ECB}"
EndProject
Project("{8BC9CEB8-8B4A-11D0-8D11-00A0C91BC942}") = "NEWorld.Android.StaticLibrary", "NEWorld\NEWorld.Android.StaticLibrary\NEWorld.Android.StaticLibrary.vcxproj", "{C13F5C78-B74D-4777-9388-DDBF5B77768C}"
EndProject
Project("{8BC9CEB8-8B4A-11D0-8D11-00A0C91BC942}") = "NEWorld.iOS.StaticLibrary", "NEWorld\NEWorld.iOS.StaticLibrary\NEWorld.iOS.StaticLibrary.vcxproj", "{82D54F44-867C-4528-90C2-040CDA228B3D}"
EndProject
Project("{8BC9CEB8-8B4A-11D0-8D11-00A0C91BC942}") = "NEWorld.WindowsUniversal.StaticLibrary", "NEWorld\NEWorld.WindowsUniversal.StaticLibrary\NEWorld.WindowsUniversal.StaticLibrary.vcxproj", "{A0E32C96-A865-429F-BF0A-D74425DD10B0}"
EndProject
Global
	GlobalSection(SharedMSBuildProjectFiles) = preSolution
		NEWorld\NEWorld.Shared\NEWorld.Shared.vcxitems*{c13f5c78-b74d-4777-9388-ddbf5b77768c}*SharedItemsImports = 4
		NEWorld\NEWorld.Shared\NEWorld.Shared.vcxitems*{a0e32c96-a865-429f-bf0a-d74425dd10b0}*SharedItemsImports = 4
		NEWorld\NEWorld.Shared\NEWorld.Shared.vcxitems*{82d54f44-867c-4528-90c2-040cda228b3d}*SharedItemsImports = 4
		NEWorld\NEWorld.Shared\NEWorld.Shared.vcxitems*{f5d65655-8cb9-48af-b68c-617afe619ecb}*SharedItemsImports = 9
	EndGlobalSection
	GlobalSection(SolutionConfigurationPlatforms) = preSolution
		Debug|ARM = Debug|ARM
		Debug|ARM64 = Debug|ARM64
		Debug|x64 = Debug|x64
		Debug|x86 = Debug|x86
		Release|ARM = Release|ARM
		Release|ARM64 = Release|ARM64
		Release|x64 = Release|x64
		Release|x86 = Release|x86
	EndGlobalSection
	GlobalSection(ProjectConfigurationPlatforms) = postSolution
		{6E2C6CA0-28D0-479B-8312-102A685BD0BA}.Debug|ARM.ActiveCfg = Debug|ARM
		{6E2C6CA0-28D0-479B-8312-102A685BD0BA}.Debug|ARM.Build.0 = Debug|ARM
		{6E2C6CA0-28D0-479B-8312-102A685BD0BA}.Debug|ARM.Deploy.0 = Debug|ARM
		{6E2C6CA0-28D0-479B-8312-102A685BD0BA}.Debug|ARM64.ActiveCfg = Debug|ARM64
		{6E2C6CA0-28D0-479B-8312-102A685BD0BA}.Debug|ARM64.Build.0 = Debug|ARM64
		{6E2C6CA0-28D0-479B-8312-102A685BD0BA}.Debug|ARM64.Deploy.0 = Debug|ARM64
		{6E2C6CA0-28D0-479B-8312-102A685BD0BA}.Debug|x64.ActiveCfg = Debug|x64
		{6E2C6CA0-28D0-479B-8312-102A685BD0BA}.Debug|x64.Build.0 = Debug|x64
		{6E2C6CA0-28D0-479B-8312-102A685BD0BA}.Debug|x64.Deploy.0 = Debug|x64
		{6E2C6CA0-28D0-479B-8312-102A685BD0BA}.Debug|x86.ActiveCfg = Debug|x86
		{6E2C6CA0-28D0-479B-8312-102A685BD0BA}.Debug|x86.Build.0 = Debug|x86
		{6E2C6CA0-28D0-479B-8312-102A685BD0BA}.Debug|x86.Deploy.0 = Debug|x86
		{6E2C6CA0-28D0-479B-8312-102A685BD0BA}.Release|ARM.ActiveCfg = Release|ARM
		{6E2C6CA0-28D0-479B-8312-102A685BD0BA}.Release|ARM.Build.0 = Release|ARM
		{6E2C6CA0-28D0-479B-8312-102A685BD0BA}.Release|ARM.Deploy.0 = Release|ARM
		{6E2C6CA0-28D0-479B-8312-102A685BD0BA}.Release|ARM64.ActiveCfg = Release|ARM64
		{6E2C6CA0-28D0-479B-8312-102A685BD0BA}.Release|ARM64.Build.0 = Release|ARM64
		{6E2C6CA0-28D0-479B-8312-102A685BD0BA}.Release|ARM64.Deploy.0 = Release|ARM64
		{6E2C6CA0-28D0-479B-8312-102A685BD0BA}.Release|x64.ActiveCfg = Release|x64
		{6E2C6CA0-28D0-479B-8312-102A685BD0BA}.Release|x64.Build.0 = Release|x64
		{6E2C6CA0-28D0-479B-8312-102A685BD0BA}.Release|x64.Deploy.0 = Release|x64
		{6E2C6CA0-28D0-479B-8312-102A685BD0BA}.Release|x86.ActiveCfg = Release|x86
		{6E2C6CA0-28D0-479B-8312-102A685BD0BA}.Release|x86.Build.0 = Release|x86
		{6E2C6CA0-28D0-479B-8312-102A685BD0BA}.Release|x86.Deploy.0 = Release|x86
		{3952F7D6-4560-4A0B-BDEE-9CB3710F64C6}.Debug|ARM.ActiveCfg = Debug|ARM
		{3952F7D6-4560-4A0B-BDEE-9CB3710F64C6}.Debug|ARM.Build.0 = Debug|ARM
		{3952F7D6-4560-4A0B-BDEE-9CB3710F64C6}.Debug|ARM64.ActiveCfg = Debug|ARM64
		{3952F7D6-4560-4A0B-BDEE-9CB3710F64C6}.Debug|ARM64.Build.0 = Debug|ARM64
		{3952F7D6-4560-4A0B-BDEE-9CB3710F64C6}.Debug|x64.ActiveCfg = Debug|x64
		{3952F7D6-4560-4A0B-BDEE-9CB3710F64C6}.Debug|x64.Build.0 = Debug|x64
		{3952F7D6-4560-4A0B-BDEE-9CB3710F64C6}.Debug|x86.ActiveCfg = Debug|x86
		{3952F7D6-4560-4A0B-BDEE-9CB3710F64C6}.Debug|x86.Build.0 = Debug|x86
		{3952F7D6-4560-4A0B-BDEE-9CB3710F64C6}.Release|ARM.ActiveCfg = Release|ARM
		{3952F7D6-4560-4A0B-BDEE-9CB3710F64C6}.Release|ARM.Build.0 = Release|ARM
		{3952F7D6-4560-4A0B-BDEE-9CB3710F64C6}.Release|ARM64.ActiveCfg = Release|ARM64
		{3952F7D6-4560-4A0B-BDEE-9CB3710F64C6}.Release|ARM64.Build.0 = Release|ARM64
		{3952F7D6-4560-4A0B-BDEE-9CB3710F64C6}.Release|x64.ActiveCfg = Release|x64
		{3952F7D6-4560-4A0B-BDEE-9CB3710F64C6}.Release|x64.Build.0 = Release|x64
		{3952F7D6-4560-4A0B-BDEE-9CB3710F64C6}.Release|x86.ActiveCfg = Release|x86
		{3952F7D6-4560-4A0B-BDEE-9CB3710F64C6}.Release|x86.Build.0 = Release|x86
		{7DD5A34A-2CCE-4B9F-B0B9-994E62EC709F}.Debug|ARM.ActiveCfg = Debug|ARM
		{7DD5A34A-2CCE-4B9F-B0B9-994E62EC709F}.Debug|ARM.Build.0 = Debug|ARM
		{7DD5A34A-2CCE-4B9F-B0B9-994E62EC709F}.Debug|ARM.Deploy.0 = Debug|ARM
		{7DD5A34A-2CCE-4B9F-B0B9-994E62EC709F}.Debug|ARM64.ActiveCfg = Debug|ARM64
		{7DD5A34A-2CCE-4B9F-B0B9-994E62EC709F}.Debug|ARM64.Build.0 = Debug|ARM64
		{7DD5A34A-2CCE-4B9F-B0B9-994E62EC709F}.Debug|ARM64.Deploy.0 = Debug|ARM64
		{7DD5A34A-2CCE-4B9F-B0B9-994E62EC709F}.Debug|x64.ActiveCfg = Debug|x64
		{7DD5A34A-2CCE-4B9F-B0B9-994E62EC709F}.Debug|x64.Build.0 = Debug|x64
		{7DD5A34A-2CCE-4B9F-B0B9-994E62EC709F}.Debug|x64.Deploy.0 = Debug|x64
		{7DD5A34A-2CCE-4B9F-B0B9-994E62EC709F}.Debug|x86.ActiveCfg = Debug|x86
		{7DD5A34A-2CCE-4B9F-B0B9-994E62EC709F}.Debug|x86.Build.0 = Debug|x86
		{7DD5A34A-2CCE-4B9F-B0B9-994E62EC709F}.Debug|x86.Deploy.0 = Debug|x86
		{7DD5A34A-2CCE-4B9F-B0B9-994E62EC709F}.Release|ARM.ActiveCfg = Release|ARM
		{7DD5A34A-2CCE-4B9F-B0B9-994E62EC709F}.Release|ARM.Build.0 = Release|ARM
		{7DD5A34A-2CCE-4B9F-B0B9-994E62EC709F}.Release|ARM.Deploy.0 = Release|ARM
		{7DD5A34A-2CCE-4B9F-B0B9-994E62EC709F}.Release|ARM64.ActiveCfg = Release|ARM64
		{7DD5A34A-2CCE-4B9F-B0B9-994E62EC709F}.Release|ARM64.Build.0 = Release|ARM64
		{7DD5A34A-2CCE-4B9F-B0B9-994E62EC709F}.Release|ARM64.Deploy.0 = Release|ARM64
		{7DD5A34A-2CCE-4B9F-B0B9-994E62EC709F}.Release|x64.ActiveCfg = Release|x64
		{7DD5A34A-2CCE-4B9F-B0B9-994E62EC709F}.Release|x64.Build.0 = Release|x64
		{7DD5A34A-2CCE-4B9F-B0B9-994E62EC709F}.Release|x64.Deploy.0 = Release|x64
		{7DD5A34A-2CCE-4B9F-B0B9-994E62EC709F}.Release|x86.ActiveCfg = Release|x86
		{7DD5A34A-2CCE-4B9F-B0B9-994E62EC709F}.Release|x86.Build.0 = Release|x86
		{7DD5A34A-2CCE-4B9F-B0B9-994E62EC709F}.Release|x86.Deploy.0 = Release|x86
		{24D410BD-03FB-4648-8871-336C2157331A}.Debug|ARM.ActiveCfg = Debug|ARM
		{24D410BD-03FB-4648-8871-336C2157331A}.Debug|ARM.Build.0 = Debug|ARM
		{24D410BD-03FB-4648-8871-336C2157331A}.Debug|ARM.Deploy.0 = Debug|ARM
		{24D410BD-03FB-4648-8871-336C2157331A}.Debug|ARM64.ActiveCfg = Debug|Win32
		{24D410BD-03FB-4648-8871-336C2157331A}.Debug|x64.ActiveCfg = Debug|x64
		{24D410BD-03FB-4648-8871-336C2157331A}.Debug|x64.Build.0 = Debug|x64
		{24D410BD-03FB-4648-8871-336C2157331A}.Debug|x64.Deploy.0 = Debug|x64
		{24D410BD-03FB-4648-8871-336C2157331A}.Debug|x86.ActiveCfg = Debug|Win32
		{24D410BD-03FB-4648-8871-336C2157331A}.Debug|x86.Build.0 = Debug|Win32
		{24D410BD-03FB-4648-8871-336C2157331A}.Debug|x86.Deploy.0 = Debug|Win32
		{24D410BD-03FB-4648-8871-336C2157331A}.Release|ARM.ActiveCfg = Release|ARM
		{24D410BD-03FB-4648-8871-336C2157331A}.Release|ARM.Build.0 = Release|ARM
		{24D410BD-03FB-4648-8871-336C2157331A}.Release|ARM.Deploy.0 = Release|ARM
		{24D410BD-03FB-4648-8871-336C2157331A}.Release|ARM64.ActiveCfg = Release|Win32
		{24D410BD-03FB-4648-8871-336C2157331A}.Release|x64.ActiveCfg = Release|x64
		{24D410BD-03FB-4648-8871-336C2157331A}.Release|x64.Build.0 = Release|x64
		{24D410BD-03FB-4648-8871-336C2157331A}.Release|x64.Deploy.0 = Release|x64
		{24D410BD-03FB-4648-8871-336C2157331A}.Release|x86.ActiveCfg = Release|Win32
		{24D410BD-03FB-4648-8871-336C2157331A}.Release|x86.Build.0 = Release|Win32
		{24D410BD-03FB-4648-8871-336C2157331A}.Release|x86.Deploy.0 = Release|Win32
		{C13F5C78-B74D-4777-9388-DDBF5B77768C}.Debug|ARM.ActiveCfg = Debug|ARM
		{C13F5C78-B74D-4777-9388-DDBF5B77768C}.Debug|ARM.Build.0 = Debug|ARM
		{C13F5C78-B74D-4777-9388-DDBF5B77768C}.Debug|ARM64.ActiveCfg = Debug|ARM64
		{C13F5C78-B74D-4777-9388-DDBF5B77768C}.Debug|ARM64.Build.0 = Debug|ARM64
		{C13F5C78-B74D-4777-9388-DDBF5B77768C}.Debug|x64.ActiveCfg = Debug|x64
		{C13F5C78-B74D-4777-9388-DDBF5B77768C}.Debug|x64.Build.0 = Debug|x64
		{C13F5C78-B74D-4777-9388-DDBF5B77768C}.Debug|x86.ActiveCfg = Debug|x86
		{C13F5C78-B74D-4777-9388-DDBF5B77768C}.Debug|x86.Build.0 = Debug|x86
		{C13F5C78-B74D-4777-9388-DDBF5B77768C}.Release|ARM.ActiveCfg = Release|ARM
		{C13F5C78-B74D-4777-9388-DDBF5B77768C}.Release|ARM.Build.0 = Release|ARM
		{C13F5C78-B74D-4777-9388-DDBF5B77768C}.Release|ARM64.ActiveCfg = Release|ARM64
		{C13F5C78-B74D-4777-9388-DDBF5B77768C}.Release|ARM64.Build.0 = Release|ARM64
		{C13F5C78-B74D-4777-9388-DDBF5B77768C}.Release|x64.ActiveCfg = Release|x64
		{C13F5C78-B74D-4777-9388-DDBF5B77768C}.Release|x64.Build.0 = Release|x64
		{C13F5C78-B74D-4777-9388-DDBF5B77768C}.Release|x86.ActiveCfg = Release|x86
		{C13F5C78-B74D-4777-9388-DDBF5B77768C}.Release|x86.Build.0 = Release|x86
		{82D54F44-867C-4528-90C2-040CDA228B3D}.Debug|ARM.ActiveCfg = Debug|ARM
		{82D54F44-867C-4528-90C2-040CDA228B3D}.Debug|ARM.Build.0 = Debug|ARM
		{82D54F44-867C-4528-90C2-040CDA228B3D}.Debug|ARM64.ActiveCfg = Debug|ARM64
		{82D54F44-867C-4528-90C2-040CDA228B3D}.Debug|ARM64.Build.0 = Debug|ARM64
		{82D54F44-867C-4528-90C2-040CDA228B3D}.Debug|x64.ActiveCfg = Debug|x64
		{82D54F44-867C-4528-90C2-040CDA228B3D}.Debug|x64.Build.0 = Debug|x64
		{82D54F44-867C-4528-90C2-040CDA228B3D}.Debug|x86.ActiveCfg = Debug|x86
		{82D54F44-867C-4528-90C2-040CDA228B3D}.Debug|x86.Build.0 = Debug|x86
		{82D54F44-867C-4528-90C2-040CDA228B3D}.Release|ARM.ActiveCfg = Release|ARM
		{82D54F44-867C-4528-90C2-040CDA228B3D}.Release|ARM.Build.0 = Release|ARM
		{82D54F44-867C-4528-90C2-040CDA228B3D}.Release|ARM64.ActiveCfg = Release|ARM64
		{82D54F44-867C-4528-90C2-040CDA228B3D}.Release|ARM64.Build.0 = Release|ARM64
		{82D54F44-867C-4528-90C2-040CDA228B3D}.Release|x64.ActiveCfg = Release|x64
		{82D54F44-867C-4528-90C2-040CDA228B3D}.Release|x64.Build.0 = Release|x64
		{82D54F44-867C-4528-90C2-040CDA228B3D}.Release|x86.ActiveCfg = Release|x86
		{82D54F44-867C-4528-90C2-040CDA228B3D}.Release|x86.Build.0 = Release|x86
		{A0E32C96-A865-429F-BF0A-D74425DD10B0}.Debug|ARM.ActiveCfg = Debug|ARM
		{A0E32C96-A865-429F-BF0A-D74425DD10B0}.Debug|ARM.Build.0 = Debug|ARM
		{A0E32C96-A865-429F-BF0A-D74425DD10B0}.Debug|ARM64.ActiveCfg = Debug|Win32
		{A0E32C96-A865-429F-BF0A-D74425DD10B0}.Debug|x64.ActiveCfg = Debug|x64
		{A0E32C96-A865-429F-BF0A-D74425DD10B0}.Debug|x64.Build.0 = Debug|x64
		{A0E32C96-A865-429F-BF0A-D74425DD10B0}.Debug|x86.ActiveCfg = Debug|Win32
		{A0E32C96-A865-429F-BF0A-D74425DD10B0}.Debug|x86.Build.0 = Debug|Win32
		{A0E32C96-A865-429F-BF0A-D74425DD10B0}.Release|ARM.ActiveCfg = Release|ARM
		{A0E32C96-A865-429F-BF0A-D74425DD10B0}.Release|ARM.Build.0 = Release|ARM
		{A0E32C96-A865-429F-BF0A-D74425DD10B0}.Release|ARM64.ActiveCfg = Release|Win32
		{A0E32C96-A865-429F-BF0A-D74425DD10B0}.Release|x64.ActiveCfg = Release|x64
		{A0E32C96-A865-429F-BF0A-D74425DD10B0}.Release|x64.Build.0 = Release|x64
		{A0E32C96-A865-429F-BF0A-D74425DD10B0}.Release|x86.ActiveCfg = Release|Win32
		{A0E32C96-A865-429F-BF0A-D74425DD10B0}.Release|x86.Build.0 = Release|Win32
	EndGlobalSection
	GlobalSection(SolutionProperties) = preSolution
		HideSolutionNode = FALSE
	EndGlobalSection
	GlobalSection(NestedProjects) = preSolution
		{6E2C6CA0-28D0-479B-8312-102A685BD0BA} = {6DB323B3-4917-4D75-B477-9AA719DC9637}
		{3952F7D6-4560-4A0B-BDEE-9CB3710F64C6} = {6DB323B3-4917-4D75-B477-9AA719DC9637}
		{F5D65655-8CB9-48AF-B68C-617AFE619ECB} = {FA71C617-02A6-4185-9AC6-0DD8764C1198}
		{C13F5C78-B74D-4777-9388-DDBF5B77768C} = {FA71C617-02A6-4185-9AC6-0DD8764C1198}
		{82D54F44-867C-4528-90C2-040CDA228B3D} = {FA71C617-02A6-4185-9AC6-0DD8764C1198}
		{A0E32C96-A865-429F-BF0A-D74425DD10B0} = {FA71C617-02A6-4185-9AC6-0DD8764C1198}
	EndGlobalSection
EndGlobal
